// !$*UTF8*$!
{
	archiveVersion = 1;
	classes = {
	};
	objectVersion = 46;
	objects = {

/* Begin PBXBuildFile section */
		A90E190A1B58CAC600426170 /* main.m in Sources */ = {isa = PBXBuildFile; fileRef = A90E19091B58CAC600426170 /* main.m */; };
		A90E190D1B58CAC600426170 /* AppDelegate.m in Sources */ = {isa = PBXBuildFile; fileRef = A90E190C1B58CAC600426170 /* AppDelegate.m */; };
		A90E19101B58CAC600426170 /* ViewController.m in Sources */ = {isa = PBXBuildFile; fileRef = A90E190F1B58CAC600426170 /* ViewController.m */; };
		A90E19131B58CAC600426170 /* Main.storyboard in Resources */ = {isa = PBXBuildFile; fileRef = A90E19111B58CAC600426170 /* Main.storyboard */; };
		A90E19151B58CAC600426170 /* Images.xcassets in Resources */ = {isa = PBXBuildFile; fileRef = A90E19141B58CAC600426170 /* Images.xcassets */; };
		A90E19181B58CAC600426170 /* LaunchScreen.xib in Resources */ = {isa = PBXBuildFile; fileRef = A90E19161B58CAC600426170 /* LaunchScreen.xib */; };
		A90E19241B58CAC600426170 /* ScanperipheralTests.m in Sources */ = {isa = PBXBuildFile; fileRef = A90E19231B58CAC600426170 /* ScanperipheralTests.m */; };
		A90E19311B58D0EA00426170 /* LVTools.m in Sources */ = {isa = PBXBuildFile; fileRef = A90E19301B58D0EA00426170 /* LVTools.m */; };
		A90E19341B58D11200426170 /* AppDelegate+LVSet.m in Sources */ = {isa = PBXBuildFile; fileRef = A90E19331B58D11200426170 /* AppDelegate+LVSet.m */; };
		A90E19371B58D2CD00426170 /* CoreBluetooth.framework in Frameworks */ = {isa = PBXBuildFile; fileRef = A90E19361B58D2CD00426170 /* CoreBluetooth.framework */; };
		A90E193D1B58D71000426170 /* ScanTableViewController.m in Sources */ = {isa = PBXBuildFile; fileRef = A90E193C1B58D71000426170 /* ScanTableViewController.m */; };
		A90E19401B58D85400426170 /* LVBlueCentral.m in Sources */ = {isa = PBXBuildFile; fileRef = A90E193F1B58D85400426170 /* LVBlueCentral.m */; };
		A90E19431B58D86900426170 /* LVBluePeripheral.m in Sources */ = {isa = PBXBuildFile; fileRef = A90E19421B58D86900426170 /* LVBluePeripheral.m */; };
		A9CBB99E1B58E00900FA084A /* BLEInfo.m in Sources */ = {isa = PBXBuildFile; fileRef = A9CBB99D1B58E00900FA084A /* BLEInfo.m */; };
		A9D956111B5A3CE2002B76E4 /* CoreLocation.framework in Frameworks */ = {isa = PBXBuildFile; fileRef = A9D956101B5A3CE2002B76E4 /* CoreLocation.framework */; };
/* End PBXBuildFile section */

/* Begin PBXContainerItemProxy section */
		A90E191E1B58CAC600426170 /* PBXContainerItemProxy */ = {
			isa = PBXContainerItemProxy;
			containerPortal = A90E18FC1B58CAC600426170 /* Project object */;
			proxyType = 1;
			remoteGlobalIDString = A90E19031B58CAC600426170;
			remoteInfo = Scanperipheral;
		};
/* End PBXContainerItemProxy section */

/* Begin PBXFileReference section */
		A90E19041B58CAC600426170 /* Scanperipheral.app */ = {isa = PBXFileReference; explicitFileType = wrapper.application; includeInIndex = 0; path = Scanperipheral.app; sourceTree = BUILT_PRODUCTS_DIR; };
		A90E19081B58CAC600426170 /* Info.plist */ = {isa = PBXFileReference; lastKnownFileType = text.plist.xml; path = Info.plist; sourceTree = "<group>"; };
		A90E19091B58CAC600426170 /* main.m */ = {isa = PBXFileReference; lastKnownFileType = sourcecode.c.objc; path = main.m; sourceTree = "<group>"; };
		A90E190B1B58CAC600426170 /* AppDelegate.h */ = {isa = PBXFileReference; lastKnownFileType = sourcecode.c.h; path = AppDelegate.h; sourceTree = "<group>"; };
		A90E190C1B58CAC600426170 /* AppDelegate.m */ = {isa = PBXFileReference; lastKnownFileType = sourcecode.c.objc; path = AppDelegate.m; sourceTree = "<group>"; };
		A90E190E1B58CAC600426170 /* ViewController.h */ = {isa = PBXFileReference; lastKnownFileType = sourcecode.c.h; path = ViewController.h; sourceTree = "<group>"; };
		A90E190F1B58CAC600426170 /* ViewController.m */ = {isa = PBXFileReference; lastKnownFileType = sourcecode.c.objc; path = ViewController.m; sourceTree = "<group>"; };
		A90E19121B58CAC600426170 /* Base */ = {isa = PBXFileReference; lastKnownFileType = file.storyboard; name = Base; path = Base.lproj/Main.storyboard; sourceTree = "<group>"; };
		A90E19141B58CAC600426170 /* Images.xcassets */ = {isa = PBXFileReference; lastKnownFileType = folder.assetcatalog; path = Images.xcassets; sourceTree = "<group>"; };
		A90E19171B58CAC600426170 /* Base */ = {isa = PBXFileReference; lastKnownFileType = file.xib; name = Base; path = Base.lproj/LaunchScreen.xib; sourceTree = "<group>"; };
		A90E191D1B58CAC600426170 /* ScanperipheralTests.xctest */ = {isa = PBXFileReference; explicitFileType = wrapper.cfbundle; includeInIndex = 0; path = ScanperipheralTests.xctest; sourceTree = BUILT_PRODUCTS_DIR; };
		A90E19221B58CAC600426170 /* Info.plist */ = {isa = PBXFileReference; lastKnownFileType = text.plist.xml; path = Info.plist; sourceTree = "<group>"; };
		A90E19231B58CAC600426170 /* ScanperipheralTests.m */ = {isa = PBXFileReference; lastKnownFileType = sourcecode.c.objc; path = ScanperipheralTests.m; sourceTree = "<group>"; };
		A90E192F1B58D0EA00426170 /* LVTools.h */ = {isa = PBXFileReference; fileEncoding = 4; lastKnownFileType = sourcecode.c.h; path = LVTools.h; sourceTree = "<group>"; };
		A90E19301B58D0EA00426170 /* LVTools.m */ = {isa = PBXFileReference; fileEncoding = 4; lastKnownFileType = sourcecode.c.objc; path = LVTools.m; sourceTree = "<group>"; };
		A90E19321B58D11200426170 /* AppDelegate+LVSet.h */ = {isa = PBXFileReference; fileEncoding = 4; lastKnownFileType = sourcecode.c.h; path = "AppDelegate+LVSet.h"; sourceTree = "<group>"; };
		A90E19331B58D11200426170 /* AppDelegate+LVSet.m */ = {isa = PBXFileReference; fileEncoding = 4; lastKnownFileType = sourcecode.c.objc; path = "AppDelegate+LVSet.m"; sourceTree = "<group>"; };
		A90E19351B58D2A800426170 /* Scanperipheral.pch */ = {isa = PBXFileReference; lastKnownFileType = sourcecode.c.h; path = Scanperipheral.pch; sourceTree = "<group>"; };
		A90E19361B58D2CD00426170 /* CoreBluetooth.framework */ = {isa = PBXFileReference; lastKnownFileType = wrapper.framework; name = CoreBluetooth.framework; path = System/Library/Frameworks/CoreBluetooth.framework; sourceTree = SDKROOT; };
		A90E19381B58D40200426170 /* AppuserInfo.h */ = {isa = PBXFileReference; lastKnownFileType = sourcecode.c.h; path = AppuserInfo.h; sourceTree = "<group>"; };
		A90E193B1B58D71000426170 /* ScanTableViewController.h */ = {isa = PBXFileReference; fileEncoding = 4; lastKnownFileType = sourcecode.c.h; path = ScanTableViewController.h; sourceTree = "<group>"; };
		A90E193C1B58D71000426170 /* ScanTableViewController.m */ = {isa = PBXFileReference; fileEncoding = 4; lastKnownFileType = sourcecode.c.objc; path = ScanTableViewController.m; sourceTree = "<group>"; };
		A90E193E1B58D85400426170 /* LVBlueCentral.h */ = {isa = PBXFileReference; fileEncoding = 4; lastKnownFileType = sourcecode.c.h; path = LVBlueCentral.h; sourceTree = "<group>"; };
		A90E193F1B58D85400426170 /* LVBlueCentral.m */ = {isa = PBXFileReference; fileEncoding = 4; lastKnownFileType = sourcecode.c.objc; path = LVBlueCentral.m; sourceTree = "<group>"; };
		A90E19411B58D86900426170 /* LVBluePeripheral.h */ = {isa = PBXFileReference; fileEncoding = 4; lastKnownFileType = sourcecode.c.h; path = LVBluePeripheral.h; sourceTree = "<group>"; };
		A90E19421B58D86900426170 /* LVBluePeripheral.m */ = {isa = PBXFileReference; fileEncoding = 4; lastKnownFileType = sourcecode.c.objc; path = LVBluePeripheral.m; sourceTree = "<group>"; };
		A9CBB99C1B58E00900FA084A /* BLEInfo.h */ = {isa = PBXFileReference; fileEncoding = 4; lastKnownFileType = sourcecode.c.h; path = BLEInfo.h; sourceTree = "<group>"; };
		A9CBB99D1B58E00900FA084A /* BLEInfo.m */ = {isa = PBXFileReference; fileEncoding = 4; lastKnownFileType = sourcecode.c.objc; path = BLEInfo.m; sourceTree = "<group>"; };
		A9D956101B5A3CE2002B76E4 /* CoreLocation.framework */ = {isa = PBXFileReference; lastKnownFileType = wrapper.framework; name = CoreLocation.framework; path = System/Library/Frameworks/CoreLocation.framework; sourceTree = SDKROOT; };
/* End PBXFileReference section */

/* Begin PBXFrameworksBuildPhase section */
		A90E19011B58CAC600426170 /* Frameworks */ = {
			isa = PBXFrameworksBuildPhase;
			buildActionMask = 2147483647;
			files = (
				A9D956111B5A3CE2002B76E4 /* CoreLocation.framework in Frameworks */,
				A90E19371B58D2CD00426170 /* CoreBluetooth.framework in Frameworks */,
			);
			runOnlyForDeploymentPostprocessing = 0;
		};
		A90E191A1B58CAC600426170 /* Frameworks */ = {
			isa = PBXFrameworksBuildPhase;
			buildActionMask = 2147483647;
			files = (
			);
			runOnlyForDeploymentPostprocessing = 0;
		};
/* End PBXFrameworksBuildPhase section */

/* Begin PBXGroup section */
		A90E18FB1B58CAC600426170 = {
			isa = PBXGroup;
			children = (
				A9D956101B5A3CE2002B76E4 /* CoreLocation.framework */,
				A90E19361B58D2CD00426170 /* CoreBluetooth.framework */,
				A9CBB99B1B58DFF000FA084A /* Models */,
				A90E193A1B58D6FB00426170 /* ViewControllers */,
				A90E192D1B58D09D00426170 /* Public */,
				A90E19061B58CAC600426170 /* Scanperipheral */,
				A90E19201B58CAC600426170 /* ScanperipheralTests */,
				A90E19051B58CAC600426170 /* Products */,
			);
			sourceTree = "<group>";
		};
		A90E19051B58CAC600426170 /* Products */ = {
			isa = PBXGroup;
			children = (
				A90E19041B58CAC600426170 /* Scanperipheral.app */,
				A90E191D1B58CAC600426170 /* ScanperipheralTests.xctest */,
			);
			name = Products;
			sourceTree = "<group>";
		};
		A90E19061B58CAC600426170 /* Scanperipheral */ = {
			isa = PBXGroup;
			children = (
				A90E190B1B58CAC600426170 /* AppDelegate.h */,
				A90E190C1B58CAC600426170 /* AppDelegate.m */,
				A90E190E1B58CAC600426170 /* ViewController.h */,
				A90E190F1B58CAC600426170 /* ViewController.m */,
				A90E19111B58CAC600426170 /* Main.storyboard */,
				A90E19141B58CAC600426170 /* Images.xcassets */,
				A90E19161B58CAC600426170 /* LaunchScreen.xib */,
				A90E19071B58CAC600426170 /* Supporting Files */,
			);
			path = Scanperipheral;
			sourceTree = "<group>";
		};
		A90E19071B58CAC600426170 /* Supporting Files */ = {
			isa = PBXGroup;
			children = (
				A90E19081B58CAC600426170 /* Info.plist */,
				A90E19091B58CAC600426170 /* main.m */,
				A90E19351B58D2A800426170 /* Scanperipheral.pch */,
				A90E19381B58D40200426170 /* AppuserInfo.h */,
			);
			name = "Supporting Files";
			sourceTree = "<group>";
		};
		A90E19201B58CAC600426170 /* ScanperipheralTests */ = {
			isa = PBXGroup;
			children = (
				A90E19231B58CAC600426170 /* ScanperipheralTests.m */,
				A90E19211B58CAC600426170 /* Supporting Files */,
			);
			path = ScanperipheralTests;
			sourceTree = "<group>";
		};
		A90E19211B58CAC600426170 /* Supporting Files */ = {
			isa = PBXGroup;
			children = (
				A90E19221B58CAC600426170 /* Info.plist */,
			);
			name = "Supporting Files";
			sourceTree = "<group>";
		};
		A90E192D1B58D09D00426170 /* Public */ = {
			isa = PBXGroup;
			children = (
				A90E19391B58D63700426170 /* BluetoothManager */,
				A90E192E1B58D0AE00426170 /* LVCategory */,
				A90E192F1B58D0EA00426170 /* LVTools.h */,
				A90E19301B58D0EA00426170 /* LVTools.m */,
			);
			path = Public;
			sourceTree = "<group>";
		};
		A90E192E1B58D0AE00426170 /* LVCategory */ = {
			isa = PBXGroup;
			children = (
				A90E19321B58D11200426170 /* AppDelegate+LVSet.h */,
				A90E19331B58D11200426170 /* AppDelegate+LVSet.m */,
			);
			path = LVCategory;
			sourceTree = "<group>";
		};
		A90E19391B58D63700426170 /* BluetoothManager */ = {
			isa = PBXGroup;
			children = (
				A90E193E1B58D85400426170 /* LVBlueCentral.h */,
				A90E193F1B58D85400426170 /* LVBlueCentral.m */,
				A90E19411B58D86900426170 /* LVBluePeripheral.h */,
				A90E19421B58D86900426170 /* LVBluePeripheral.m */,
			);
			path = BluetoothManager;
			sourceTree = "<group>";
		};
		A90E193A1B58D6FB00426170 /* ViewControllers */ = {
			isa = PBXGroup;
			children = (
				A90E193B1B58D71000426170 /* ScanTableViewController.h */,
				A90E193C1B58D71000426170 /* ScanTableViewController.m */,
			);
			path = ViewControllers;
			sourceTree = "<group>";
		};
		A9CBB99B1B58DFF000FA084A /* Models */ = {
			isa = PBXGroup;
			children = (
				A9CBB99C1B58E00900FA084A /* BLEInfo.h */,
				A9CBB99D1B58E00900FA084A /* BLEInfo.m */,
			);
			path = Models;
			sourceTree = "<group>";
		};
/* End PBXGroup section */

/* Begin PBXNativeTarget section */
		A90E19031B58CAC600426170 /* Scanperipheral */ = {
			isa = PBXNativeTarget;
			buildConfigurationList = A90E19271B58CAC600426170 /* Build configuration list for PBXNativeTarget "Scanperipheral" */;
			buildPhases = (
				A90E19001B58CAC600426170 /* Sources */,
				A90E19011B58CAC600426170 /* Frameworks */,
				A90E19021B58CAC600426170 /* Resources */,
			);
			buildRules = (
			);
			dependencies = (
			);
			name = Scanperipheral;
			productName = Scanperipheral;
			productReference = A90E19041B58CAC600426170 /* Scanperipheral.app */;
			productType = "com.apple.product-type.application";
		};
		A90E191C1B58CAC600426170 /* ScanperipheralTests */ = {
			isa = PBXNativeTarget;
			buildConfigurationList = A90E192A1B58CAC600426170 /* Build configuration list for PBXNativeTarget "ScanperipheralTests" */;
			buildPhases = (
				A90E19191B58CAC600426170 /* Sources */,
				A90E191A1B58CAC600426170 /* Frameworks */,
				A90E191B1B58CAC600426170 /* Resources */,
			);
			buildRules = (
			);
			dependencies = (
				A90E191F1B58CAC600426170 /* PBXTargetDependency */,
			);
			name = ScanperipheralTests;
			productName = ScanperipheralTests;
			productReference = A90E191D1B58CAC600426170 /* ScanperipheralTests.xctest */;
			productType = "com.apple.product-type.bundle.unit-test";
		};
/* End PBXNativeTarget section */

/* Begin PBXProject section */
		A90E18FC1B58CAC600426170 /* Project object */ = {
			isa = PBXProject;
			attributes = {
				LastUpgradeCheck = 0640;
				ORGANIZATIONNAME = linkdow;
				TargetAttributes = {
					A90E19031B58CAC600426170 = {
						CreatedOnToolsVersion = 6.4;
						DevelopmentTeam = YAYKB757UM;
						SystemCapabilities = {
							com.apple.BackgroundModes = {
								enabled = 1;
							};
							com.apple.Maps.iOS = {
								enabled = 0;
							};
						};
					};
					A90E191C1B58CAC600426170 = {
						CreatedOnToolsVersion = 6.4;
						TestTargetID = A90E19031B58CAC600426170;
					};
				};
			};
			buildConfigurationList = A90E18FF1B58CAC600426170 /* Build configuration list for PBXProject "Scanperipheral" */;
			compatibilityVersion = "Xcode 3.2";
			developmentRegion = English;
			hasScannedForEncodings = 0;
			knownRegions = (
				en,
				Base,
			);
			mainGroup = A90E18FB1B58CAC600426170;
			productRefGroup = A90E19051B58CAC600426170 /* Products */;
			projectDirPath = "";
			projectRoot = "";
			targets = (
				A90E19031B58CAC600426170 /* Scanperipheral */,
				A90E191C1B58CAC600426170 /* ScanperipheralTests */,
			);
		};
/* End PBXProject section */

/* Begin PBXResourcesBuildPhase section */
		A90E19021B58CAC600426170 /* Resources */ = {
			isa = PBXResourcesBuildPhase;
			buildActionMask = 2147483647;
			files = (
				A90E19131B58CAC600426170 /* Main.storyboard in Resources */,
				A90E19181B58CAC600426170 /* LaunchScreen.xib in Resources */,
				A90E19151B58CAC600426170 /* Images.xcassets in Resources */,
			);
			runOnlyForDeploymentPostprocessing = 0;
		};
		A90E191B1B58CAC600426170 /* Resources */ = {
			isa = PBXResourcesBuildPhase;
			buildActionMask = 2147483647;
			files = (
			);
			runOnlyForDeploymentPostprocessing = 0;
		};
/* End PBXResourcesBuildPhase section */

/* Begin PBXSourcesBuildPhase section */
		A90E19001B58CAC600426170 /* Sources */ = {
			isa = PBXSourcesBuildPhase;
			buildActionMask = 2147483647;
			files = (
				A90E193D1B58D71000426170 /* ScanTableViewController.m in Sources */,
				A90E19101B58CAC600426170 /* ViewController.m in Sources */,
				A90E19341B58D11200426170 /* AppDelegate+LVSet.m in Sources */,
				A90E19431B58D86900426170 /* LVBluePeripheral.m in Sources */,
				A90E19401B58D85400426170 /* LVBlueCentral.m in Sources */,
				A90E190D1B58CAC600426170 /* AppDelegate.m in Sources */,
				A90E190A1B58CAC600426170 /* main.m in Sources */,
				A9CBB99E1B58E00900FA084A /* BLEInfo.m in Sources */,
				A90E19311B58D0EA00426170 /* LVTools.m in Sources */,
			);
			runOnlyForDeploymentPostprocessing = 0;
		};
		A90E19191B58CAC600426170 /* Sources */ = {
			isa = PBXSourcesBuildPhase;
			buildActionMask = 2147483647;
			files = (
				A90E19241B58CAC600426170 /* ScanperipheralTests.m in Sources */,
			);
			runOnlyForDeploymentPostprocessing = 0;
		};
/* End PBXSourcesBuildPhase section */

/* Begin PBXTargetDependency section */
		A90E191F1B58CAC600426170 /* PBXTargetDependency */ = {
			isa = PBXTargetDependency;
			target = A90E19031B58CAC600426170 /* Scanperipheral */;
			targetProxy = A90E191E1B58CAC600426170 /* PBXContainerItemProxy */;
		};
/* End PBXTargetDependency section */

/* Begin PBXVariantGroup section */
		A90E19111B58CAC600426170 /* Main.storyboard */ = {
			isa = PBXVariantGroup;
			children = (
				A90E19121B58CAC600426170 /* Base */,
			);
			name = Main.storyboard;
			sourceTree = "<group>";
		};
		A90E19161B58CAC600426170 /* LaunchScreen.xib */ = {
			isa = PBXVariantGroup;
			children = (
				A90E19171B58CAC600426170 /* Base */,
			);
			name = LaunchScreen.xib;
			sourceTree = "<group>";
		};
/* End PBXVariantGroup section */

/* Begin XCBuildConfiguration section */
		A90E19251B58CAC600426170 /* Debug */ = {
			isa = XCBuildConfiguration;
			buildSettings = {
				ALWAYS_SEARCH_USER_PATHS = NO;
				CLANG_CXX_LANGUAGE_STANDARD = "gnu++0x";
				CLANG_CXX_LIBRARY = "libc++";
				CLANG_ENABLE_MODULES = YES;
				CLANG_ENABLE_OBJC_ARC = YES;
				CLANG_WARN_BOOL_CONVERSION = YES;
				CLANG_WARN_CONSTANT_CONVERSION = YES;
				CLANG_WARN_DIRECT_OBJC_ISA_USAGE = YES_ERROR;
				CLANG_WARN_EMPTY_BODY = YES;
				CLANG_WARN_ENUM_CONVERSION = YES;
				CLANG_WARN_INT_CONVERSION = YES;
				CLANG_WARN_OBJC_ROOT_CLASS = YES_ERROR;
				CLANG_WARN_UNREACHABLE_CODE = YES;
				CLANG_WARN__DUPLICATE_METHOD_MATCH = YES;
				"CODE_SIGN_IDENTITY[sdk=iphoneos*]" = "iPhone Developer";
				COPY_PHASE_STRIP = NO;
				DEBUG_INFORMATION_FORMAT = "dwarf-with-dsym";
				ENABLE_STRICT_OBJC_MSGSEND = YES;
				GCC_C_LANGUAGE_STANDARD = gnu99;
				GCC_DYNAMIC_NO_PIC = NO;
				GCC_NO_COMMON_BLOCKS = YES;
				GCC_OPTIMIZATION_LEVEL = 0;
				GCC_PREPROCESSOR_DEFINITIONS = (
					"DEBUG=1",
					"$(inherited)",
				);
				GCC_SYMBOLS_PRIVATE_EXTERN = NO;
				GCC_WARN_64_TO_32_BIT_CONVERSION = YES;
				GCC_WARN_ABOUT_RETURN_TYPE = YES_ERROR;
				GCC_WARN_UNDECLARED_SELECTOR = YES;
				GCC_WARN_UNINITIALIZED_AUTOS = YES_AGGRESSIVE;
				GCC_WARN_UNUSED_FUNCTION = YES;
				GCC_WARN_UNUSED_VARIABLE = YES;
				IPHONEOS_DEPLOYMENT_TARGET = 8.4;
				MTL_ENABLE_DEBUG_INFO = YES;
				ONLY_ACTIVE_ARCH = YES;
				SDKROOT = iphoneos;
			};
			name = Debug;
		};
		A90E19261B58CAC600426170 /* Release */ = {
			isa = XCBuildConfiguration;
			buildSettings = {
				ALWAYS_SEARCH_USER_PATHS = NO;
				CLANG_CXX_LANGUAGE_STANDARD = "gnu++0x";
				CLANG_CXX_LIBRARY = "libc++";
				CLANG_ENABLE_MODULES = YES;
				CLANG_ENABLE_OBJC_ARC = YES;
				CLANG_WARN_BOOL_CONVERSION = YES;
				CLANG_WARN_CONSTANT_CONVERSION = YES;
				CLANG_WARN_DIRECT_OBJC_ISA_USAGE = YES_ERROR;
				CLANG_WARN_EMPTY_BODY = YES;
				CLANG_WARN_ENUM_CONVERSION = YES;
				CLANG_WARN_INT_CONVERSION = YES;
				CLANG_WARN_OBJC_ROOT_CLASS = YES_ERROR;
				CLANG_WARN_UNREACHABLE_CODE = YES;
				CLANG_WARN__DUPLICATE_METHOD_MATCH = YES;
				"CODE_SIGN_IDENTITY[sdk=iphoneos*]" = "iPhone Developer";
				COPY_PHASE_STRIP = NO;
				DEBUG_INFORMATION_FORMAT = "dwarf-with-dsym";
				ENABLE_NS_ASSERTIONS = NO;
				ENABLE_STRICT_OBJC_MSGSEND = YES;
				GCC_C_LANGUAGE_STANDARD = gnu99;
				GCC_NO_COMMON_BLOCKS = YES;
				GCC_WARN_64_TO_32_BIT_CONVERSION = YES;
				GCC_WARN_ABOUT_RETURN_TYPE = YES_ERROR;
				GCC_WARN_UNDECLARED_SELECTOR = YES;
				GCC_WARN_UNINITIALIZED_AUTOS = YES_AGGRESSIVE;
				GCC_WARN_UNUSED_FUNCTION = YES;
				GCC_WARN_UNUSED_VARIABLE = YES;
				IPHONEOS_DEPLOYMENT_TARGET = 8.4;
				MTL_ENABLE_DEBUG_INFO = NO;
				SDKROOT = iphoneos;
				VALIDATE_PRODUCT = YES;
			};
			name = Release;
		};
		A90E19281B58CAC600426170 /* Debug */ = {
			isa = XCBuildConfiguration;
			buildSettings = {
				ASSETCATALOG_COMPILER_APPICON_NAME = AppIcon;
				CODE_SIGN_IDENTITY = "iPhone Developer";
				"CODE_SIGN_IDENTITY[sdk=iphoneos*]" = "iPhone Developer";
				GCC_PREFIX_HEADER = Scanperipheral/Scanperipheral.pch;
				INFOPLIST_FILE = Scanperipheral/Info.plist;
				IPHONEOS_DEPLOYMENT_TARGET = 7.0;
				LD_RUNPATH_SEARCH_PATHS = "$(inherited) @executable_path/Frameworks";
				PRODUCT_NAME = "$(TARGET_NAME)";
				PROVISIONING_PROFILE = "";
				TARGETED_DEVICE_FAMILY = "1,2";
			};
			name = Debug;
		};
		A90E19291B58CAC600426170 /* Release */ = {
			isa = XCBuildConfiguration;
			buildSettings = {
				ASSETCATALOG_COMPILER_APPICON_NAME = AppIcon;
				CODE_SIGN_IDENTITY = "iPhone Developer";
				"CODE_SIGN_IDENTITY[sdk=iphoneos*]" = "iPhone Developer";
				GCC_PREFIX_HEADER = Scanperipheral/Scanperipheral.pch;
				INFOPLIST_FILE = Scanperipheral/Info.plist;
				IPHONEOS_DEPLOYMENT_TARGET = 7.0;
				LD_RUNPATH_SEARCH_PATHS = "$(inherited) @executable_path/Frameworks";
				PRODUCT_NAME = "$(TARGET_NAME)";
				PROVISIONING_PROFILE = "";
				TARGETED_DEVICE_FAMILY = "1,2";
			};
			name = Release;
		};
		A90E192B1B58CAC600426170 /* Debug */ = {
			isa = XCBuildConfiguration;
			buildSettings = {
				BUNDLE_LOADER = "$(TEST_HOST)";
				FRAMEWORK_SEARCH_PATHS = (
					"$(SDKROOT)/Developer/Library/Frameworks",
					"$(inherited)",
				);
				GCC_PREPROCESSOR_DEFINITIONS = (
					"DEBUG=1",
					"$(inherited)",
				);
				INFOPLIST_FILE = ScanperipheralTests/Info.plist;
				LD_RUNPATH_SEARCH_PATHS = "$(inherited) @executable_path/Frameworks @loader_path/Frameworks";
				PRODUCT_NAME = "$(TARGET_NAME)";
				TEST_HOST = "$(BUILT_PRODUCTS_DIR)/Scanperipheral.app/Scanperipheral";
			};
			name = Debug;
		};
		A90E192C1B58CAC600426170 /* Release */ = {
			isa = XCBuildConfiguration;
			buildSettings = {
				BUNDLE_LOADER = "$(TEST_HOST)";
				FRAMEWORK_SEARCH_PATHS = (
					"$(SDKROOT)/Developer/Library/Frameworks",
					"$(inherited)",
				);
				INFOPLIST_FILE = ScanperipheralTests/Info.plist;
				LD_RUNPATH_SEARCH_PATHS = "$(inherited) @executable_path/Frameworks @loader_path/Frameworks";
				PRODUCT_NAME = "$(TARGET_NAME)";
				TEST_HOST = "$(BUILT_PRODUCTS_DIR)/Scanperipheral.app/Scanperipheral";
			};
			name = Release;
		};
/* End XCBuildConfiguration section */

/* Begin XCConfigurationList section */
		A90E18FF1B58CAC600426170 /* Build configuration list for PBXProject "Scanperipheral" */ = {
			isa = XCConfigurationList;
			buildConfigurations = (
				A90E19251B58CAC600426170 /* Debug */,
				A90E19261B58CAC600426170 /* Release */,
			);
			defaultConfigurationIsVisible = 0;
			defaultConfigurationName = Release;
		};
		A90E19271B58CAC600426170 /* Build configuration list for PBXNativeTarget "Scanperipheral" */ = {
			isa = XCConfigurationList;
			buildConfigurations = (
				A90E19281B58CAC600426170 /* Debug */,
				A90E19291B58CAC600426170 /* Release */,
			);
			defaultConfigurationIsVisible = 0;
			defaultConfigurationName = Release;
		};
		A90E192A1B58CAC600426170 /* Build configuration list for PBXNativeTarget "ScanperipheralTests" */ = {
			isa = XCConfigurationList;
			buildConfigurations = (
				A90E192B1B58CAC600426170 /* Debug */,
				A90E192C1B58CAC600426170 /* Release */,
			);
			defaultConfigurationIsVisible = 0;
			defaultConfigurationName = Release;
		};
/* End XCConfigurationList section */
	};
	rootObject = A90E18FC1B58CAC600426170 /* Project object */;
}
